// !$*UTF8*$!
{
	archiveVersion = 1;
	classes = {
	};
	objectVersion = 50;
	objects = {

/* Begin PBXBuildFile section */
		274DDCD52411116600B3304E /* AppDelegate.swift in Sources */ = {isa = PBXBuildFile; fileRef = 274DDCD42411116600B3304E /* AppDelegate.swift */; };
		274DDCD72411116600B3304E /* SceneDelegate.swift in Sources */ = {isa = PBXBuildFile; fileRef = 274DDCD62411116600B3304E /* SceneDelegate.swift */; };
		274DDCD92411116600B3304E /* ViewController.swift in Sources */ = {isa = PBXBuildFile; fileRef = 274DDCD82411116600B3304E /* ViewController.swift */; };
		274DDCDC2411116600B3304E /* Main.storyboard in Resources */ = {isa = PBXBuildFile; fileRef = 274DDCDA2411116600B3304E /* Main.storyboard */; };
		274DDCDE2411116700B3304E /* Assets.xcassets in Resources */ = {isa = PBXBuildFile; fileRef = 274DDCDD2411116700B3304E /* Assets.xcassets */; };
		274DDCE12411116700B3304E /* LaunchScreen.storyboard in Resources */ = {isa = PBXBuildFile; fileRef = 274DDCDF2411116700B3304E /* LaunchScreen.storyboard */; };
		274DDCEA241111AA00B3304E /* EmojiImageRainView.framework in Frameworks */ = {isa = PBXBuildFile; fileRef = 274DDCE82411119B00B3304E /* EmojiImageRainView.framework */; };
		274DDCEB241111AA00B3304E /* EmojiImageRainView.framework in Embed Frameworks */ = {isa = PBXBuildFile; fileRef = 274DDCE82411119B00B3304E /* EmojiImageRainView.framework */; settings = {ATTRIBUTES = (CodeSignOnCopy, RemoveHeadersOnCopy, ); }; };
/* End PBXBuildFile section */

/* Begin PBXCopyFilesBuildPhase section */
		274DDCEC241111AA00B3304E /* Embed Frameworks */ = {
			isa = PBXCopyFilesBuildPhase;
			buildActionMask = 2147483647;
			dstPath = "";
			dstSubfolderSpec = 10;
			files = (
				274DDCEB241111AA00B3304E /* EmojiImageRainView.framework in Embed Frameworks */,
			);
			name = "Embed Frameworks";
			runOnlyForDeploymentPostprocessing = 0;
		};
/* End PBXCopyFilesBuildPhase section */

/* Begin PBXFileReference section */
		274DDCD12411116600B3304E /* EmojiImageViewDemo.app */ = {isa = PBXFileReference; explicitFileType = wrapper.application; includeInIndex = 0; path = EmojiImageViewDemo.app; sourceTree = BUILT_PRODUCTS_DIR; };
		274DDCD42411116600B3304E /* AppDelegate.swift */ = {isa = PBXFileReference; lastKnownFileType = sourcecode.swift; path = AppDelegate.swift; sourceTree = "<group>"; };
		274DDCD62411116600B3304E /* SceneDelegate.swift */ = {isa = PBXFileReference; lastKnownFileType = sourcecode.swift; path = SceneDelegate.swift; sourceTree = "<group>"; };
		274DDCD82411116600B3304E /* ViewController.swift */ = {isa = PBXFileReference; lastKnownFileType = sourcecode.swift; path = ViewController.swift; sourceTree = "<group>"; };
		274DDCDB2411116600B3304E /* Base */ = {isa = PBXFileReference; lastKnownFileType = file.storyboard; name = Base; path = Base.lproj/Main.storyboard; sourceTree = "<group>"; };
		274DDCDD2411116700B3304E /* Assets.xcassets */ = {isa = PBXFileReference; lastKnownFileType = folder.assetcatalog; path = Assets.xcassets; sourceTree = "<group>"; };
		274DDCE02411116700B3304E /* Base */ = {isa = PBXFileReference; lastKnownFileType = file.storyboard; name = Base; path = Base.lproj/LaunchScreen.storyboard; sourceTree = "<group>"; };
		274DDCE22411116700B3304E /* Info.plist */ = {isa = PBXFileReference; lastKnownFileType = text.plist.xml; path = Info.plist; sourceTree = "<group>"; };
		274DDCE82411119B00B3304E /* EmojiImageRainView.framework */ = {isa = PBXFileReference; lastKnownFileType = wrapper.framework; path = EmojiImageRainView.framework; sourceTree = "<group>"; };
/* End PBXFileReference section */

/* Begin PBXFrameworksBuildPhase section */
		274DDCCE2411116600B3304E /* Frameworks */ = {
			isa = PBXFrameworksBuildPhase;
			buildActionMask = 2147483647;
			files = (
				274DDCEA241111AA00B3304E /* EmojiImageRainView.framework in Frameworks */,
			);
			runOnlyForDeploymentPostprocessing = 0;
		};
/* End PBXFrameworksBuildPhase section */

/* Begin PBXGroup section */
		274DDCC82411116600B3304E = {
			isa = PBXGroup;
			children = (
				274DDCE82411119B00B3304E /* EmojiImageRainView.framework */,
				274DDCD32411116600B3304E /* EmojiImageViewDemo */,
				274DDCD22411116600B3304E /* Products */,
			);
			sourceTree = "<group>";
		};
		274DDCD22411116600B3304E /* Products */ = {
			isa = PBXGroup;
			children = (
				274DDCD12411116600B3304E /* EmojiImageViewDemo.app */,
			);
			name = Products;
			sourceTree = "<group>";
		};
		274DDCD32411116600B3304E /* EmojiImageViewDemo */ = {
			isa = PBXGroup;
			children = (
				274DDCD42411116600B3304E /* AppDelegate.swift */,
				274DDCD62411116600B3304E /* SceneDelegate.swift */,
				274DDCD82411116600B3304E /* ViewController.swift */,
				274DDCDA2411116600B3304E /* Main.storyboard */,
				274DDCDD2411116700B3304E /* Assets.xcassets */,
				274DDCDF2411116700B3304E /* LaunchScreen.storyboard */,
				274DDCE22411116700B3304E /* Info.plist */,
			);
			path = EmojiImageViewDemo;
			sourceTree = "<group>";
		};
/* End PBXGroup section */

/* Begin PBXNativeTarget section */
		274DDCD02411116600B3304E /* EmojiImageViewDemo */ = {
			isa = PBXNativeTarget;
			buildConfigurationList = 274DDCE52411116700B3304E /* Build configuration list for PBXNativeTarget "EmojiImageViewDemo" */;
			buildPhases = (
				274DDCCD2411116600B3304E /* Sources */,
				274DDCCE2411116600B3304E /* Frameworks */,
				274DDCCF2411116600B3304E /* Resources */,
				274DDCEC241111AA00B3304E /* Embed Frameworks */,
			);
			buildRules = (
			);
			dependencies = (
			);
			name = EmojiImageViewDemo;
			productName = EmojiImageViewDemo;
			productReference = 274DDCD12411116600B3304E /* EmojiImageViewDemo.app */;
			productType = "com.apple.product-type.application";
		};
/* End PBXNativeTarget section */

/* Begin PBXProject section */
		274DDCC92411116600B3304E /* Project object */ = {
			isa = PBXProject;
			attributes = {
				LastSwiftUpdateCheck = 1130;
				LastUpgradeCheck = 1130;
				ORGANIZATIONNAME = Janlionly;
				TargetAttributes = {
					274DDCD02411116600B3304E = {
						CreatedOnToolsVersion = 11.3.1;
					};
				};
			};
			buildConfigurationList = 274DDCCC2411116600B3304E /* Build configuration list for PBXProject "EmojiImageViewDemo" */;
			compatibilityVersion = "Xcode 9.3";
			developmentRegion = en;
			hasScannedForEncodings = 0;
			knownRegions = (
				en,
				Base,
			);
			mainGroup = 274DDCC82411116600B3304E;
			productRefGroup = 274DDCD22411116600B3304E /* Products */;
			projectDirPath = "";
			projectRoot = "";
			targets = (
				274DDCD02411116600B3304E /* EmojiImageViewDemo */,
			);
		};
/* End PBXProject section */

/* Begin PBXResourcesBuildPhase section */
		274DDCCF2411116600B3304E /* Resources */ = {
			isa = PBXResourcesBuildPhase;
			buildActionMask = 2147483647;
			files = (
				274DDCE12411116700B3304E /* LaunchScreen.storyboard in Resources */,
				274DDCDE2411116700B3304E /* Assets.xcassets in Resources */,
				274DDCDC2411116600B3304E /* Main.storyboard in Resources */,
			);
			runOnlyForDeploymentPostprocessing = 0;
		};
/* End PBXResourcesBuildPhase section */

/* Begin PBXSourcesBuildPhase section */
		274DDCCD2411116600B3304E /* Sources */ = {
			isa = PBXSourcesBuildPhase;
			buildActionMask = 2147483647;
			files = (
				274DDCD92411116600B3304E /* ViewController.swift in Sources */,
				274DDCD52411116600B3304E /* AppDelegate.swift in Sources */,
				274DDCD72411116600B3304E /* SceneDelegate.swift in Sources */,
			);
			runOnlyForDeploymentPostprocessing = 0;
		};
/* End PBXSourcesBuildPhase section */

/* Begin PBXVariantGroup section */
		274DDCDA2411116600B3304E /* Main.storyboard */ = {
			isa = PBXVariantGroup;
			children = (
				274DDCDB2411116600B3304E /* Base */,
			);
			name = Main.storyboard;
			sourceTree = "<group>";
		};
		274DDCDF2411116700B3304E /* LaunchScreen.storyboard */ = {
			isa = PBXVariantGroup;
			children = (
				274DDCE02411116700B3304E /* Base */,
			);
			name = LaunchScreen.storyboard;
			sourceTree = "<group>";
		};
/* End PBXVariantGroup section */

/* Begin XCBuildConfiguration section */
		274DDCE32411116700B3304E /* Debug */ = {
			isa = XCBuildConfiguration;
			buildSettings = {
				ALWAYS_SEARCH_USER_PATHS = NO;
				CLANG_ANALYZER_NONNULL = YES;
				CLANG_ANALYZER_NUMBER_OBJECT_CONVERSION = YES_AGGRESSIVE;
				CLANG_CXX_LANGUAGE_STANDARD = "gnu++14";
				CLANG_CXX_LIBRARY = "libc++";
				CLANG_ENABLE_MODULES = YES;
				CLANG_ENABLE_OBJC_ARC = YES;
				CLANG_ENABLE_OBJC_WEAK = YES;
				CLANG_WARN_BLOCK_CAPTURE_AUTORELEASING = YES;
				CLANG_WARN_BOOL_CONVERSION = YES;
				CLANG_WARN_COMMA = YES;
				CLANG_WARN_CONSTANT_CONVERSION = YES;
				CLANG_WARN_DEPRECATED_OBJC_IMPLEMENTATIONS = YES;
				CLANG_WARN_DIRECT_OBJC_ISA_USAGE = YES_ERROR;
				CLANG_WARN_DOCUMENTATION_COMMENTS = YES;
				CLANG_WARN_EMPTY_BODY = YES;
				CLANG_WARN_ENUM_CONVERSION = YES;
				CLANG_WARN_INFINITE_RECURSION = YES;
				CLANG_WARN_INT_CONVERSION = YES;
				CLANG_WARN_NON_LITERAL_NULL_CONVERSION = YES;
				CLANG_WARN_OBJC_IMPLICIT_RETAIN_SELF = YES;
				CLANG_WARN_OBJC_LITERAL_CONVERSION = YES;
				CLANG_WARN_OBJC_ROOT_CLASS = YES_ERROR;
				CLANG_WARN_RANGE_LOOP_ANALYSIS = YES;
				CLANG_WARN_STRICT_PROTOTYPES = YES;
				CLANG_WARN_SUSPICIOUS_MOVE = YES;
				CLANG_WARN_UNGUARDED_AVAILABILITY = YES_AGGRESSIVE;
				CLANG_WARN_UNREACHABLE_CODE = YES;
				CLANG_WARN__DUPLICATE_METHOD_MATCH = YES;
				COPY_PHASE_STRIP = NO;
				DEBUG_INFORMATION_FORMAT = dwarf;
				ENABLE_STRICT_OBJC_MSGSEND = YES;
				ENABLE_TESTABILITY = YES;
				GCC_C_LANGUAGE_STANDARD = gnu11;
				GCC_DYNAMIC_NO_PIC = NO;
				GCC_NO_COMMON_BLOCKS = YES;
				GCC_OPTIMIZATION_LEVEL = 0;
				GCC_PREPROCESSOR_DEFINITIONS = (
					"DEBUG=1",
					"$(inherited)",
				);
				GCC_WARN_64_TO_32_BIT_CONVERSION = YES;
				GCC_WARN_ABOUT_RETURN_TYPE = YES_ERROR;
				GCC_WARN_UNDECLARED_SELECTOR = YES;
				GCC_WARN_UNINITIALIZED_AUTOS = YES_AGGRESSIVE;
				GCC_WARN_UNUSED_FUNCTION = YES;
				GCC_WARN_UNUSED_VARIABLE = YES;
				IPHONEOS_DEPLOYMENT_TARGET = 13.2;
				MTL_ENABLE_DEBUG_INFO = INCLUDE_SOURCE;
				MTL_FAST_MATH = YES;
				ONLY_ACTIVE_ARCH = YES;
				SDKROOT = iphoneos;
				SWIFT_ACTIVE_COMPILATION_CONDITIONS = DEBUG;
				SWIFT_OPTIMIZATION_LEVEL = "-Onone";
			};
			name = Debug;
		};
		274DDCE42411116700B3304E /* Release */ = {
			isa = XCBuildConfiguration;
			buildSettings = {
				ALWAYS_SEARCH_USER_PATHS = NO;
				CLANG_ANALYZER_NONNULL = YES;
				CLANG_ANALYZER_NUMBER_OBJECT_CONVERSION = YES_AGGRESSIVE;
				CLANG_CXX_LANGUAGE_STANDARD = "gnu++14";
				CLANG_CXX_LIBRARY = "libc++";
				CLANG_ENABLE_MODULES = YES;
				CLANG_ENABLE_OBJC_ARC = YES;
				CLANG_ENABLE_OBJC_WEAK = YES;
				CLANG_WARN_BLOCK_CAPTURE_AUTORELEASING = YES;
				CLANG_WARN_BOOL_CONVERSION = YES;
				CLANG_WARN_COMMA = YES;
				CLANG_WARN_CONSTANT_CONVERSION = YES;
				CLANG_WARN_DEPRECATED_OBJC_IMPLEMENTATIONS = YES;
				CLANG_WARN_DIRECT_OBJC_ISA_USAGE = YES_ERROR;
				CLANG_WARN_DOCUMENTATION_COMMENTS = YES;
				CLANG_WARN_EMPTY_BODY = YES;
				CLANG_WARN_ENUM_CONVERSION = YES;
				CLANG_WARN_INFINITE_RECURSION = YES;
				CLANG_WARN_INT_CONVERSION = YES;
				CLANG_WARN_NON_LITERAL_NULL_CONVERSION = YES;
				CLANG_WARN_OBJC_IMPLICIT_RETAIN_SELF = YES;
				CLANG_WARN_OBJC_LITERAL_CONVERSION = YES;
				CLANG_WARN_OBJC_ROOT_CLASS = YES_ERROR;
				CLANG_WARN_RANGE_LOOP_ANALYSIS = YES;
				CLANG_WARN_STRICT_PROTOTYPES = YES;
				CLANG_WARN_SUSPICIOUS_MOVE = YES;
				CLANG_WARN_UNGUARDED_AVAILABILITY = YES_AGGRESSIVE;
				CLANG_WARN_UNREACHABLE_CODE = YES;
				CLANG_WARN__DUPLICATE_METHOD_MATCH = YES;
				COPY_PHASE_STRIP = NO;
				DEBUG_INFORMATION_FORMAT = "dwarf-with-dsym";
				ENABLE_NS_ASSERTIONS = NO;
				ENABLE_STRICT_OBJC_MSGSEND = YES;
				GCC_C_LANGUAGE_STANDARD = gnu11;
				GCC_NO_COMMON_BLOCKS = YES;
				GCC_WARN_64_TO_32_BIT_CONVERSION = YES;
				GCC_WARN_ABOUT_RETURN_TYPE = YES_ERROR;
				GCC_WARN_UNDECLARED_SELECTOR = YES;
				GCC_WARN_UNINITIALIZED_AUTOS = YES_AGGRESSIVE;
				GCC_WARN_UNUSED_FUNCTION = YES;
				GCC_WARN_UNUSED_VARIABLE = YES;
				IPHONEOS_DEPLOYMENT_TARGET = 13.2;
				MTL_ENABLE_DEBUG_INFO = NO;
				MTL_FAST_MATH = YES;
				SDKROOT = iphoneos;
				SWIFT_COMPILATION_MODE = wholemodule;
				SWIFT_OPTIMIZATION_LEVEL = "-O";
				VALIDATE_PRODUCT = YES;
			};
			name = Release;
		};
		274DDCE62411116700B3304E /* Debug */ = {
			isa = XCBuildConfiguration;
			buildSettings = {
				ASSETCATALOG_COMPILER_APPICON_NAME = AppIcon;
				CODE_SIGN_STYLE = Automatic;
				DEVELOPMENT_TEAM = A73XC757VV;
				ENABLE_BITCODE = NO;
				FRAMEWORK_SEARCH_PATHS = (
					"$(inherited)",
					"$(PROJECT_DIR)",
				);
				INFOPLIST_FILE = EmojiImageViewDemo/Info.plist;
				LD_RUNPATH_SEARCH_PATHS = (
					"$(inherited)",
					"@executable_path/Frameworks",
				);
				PRODUCT_BUNDLE_IDENTIFIER = com.janlionly.EmojiImageViewDemo;
				PRODUCT_NAME = "$(TARGET_NAME)";
				SWIFT_VERSION = 5.0;
				TARGETED_DEVICE_FAMILY = "1,2";
			};
			name = Debug;
		};
		274DDCE72411116700B3304E /* Release */ = {
			isa = XCBuildConfiguration;
			buildSettings = {
				ASSETCATALOG_COMPILER_APPICON_NAME = AppIcon;
				CODE_SIGN_STYLE = Automatic;
				DEVELOPMENT_TEAM = A73XC757VV;
				ENABLE_BITCODE = NO;
				FRAMEWORK_SEARCH_PATHS = (
					"$(inherited)",
					"$(PROJECT_DIR)",
				);
				INFOPLIST_FILE = EmojiImageViewDemo/Info.plist;
				LD_RUNPATH_SEARCH_PATHS = (
					"$(inherited)",
					"@executable_path/Frameworks",
				);
				PRODUCT_BUNDLE_IDENTIFIER = com.janlionly.EmojiImageViewDemo;
				PRODUCT_NAME = "$(TARGET_NAME)";
				SWIFT_VERSION = 5.0;
				TARGETED_DEVICE_FAMILY = "1,2";
			};
			name = Release;
		};
/* End XCBuildConfiguration section */

/* Begin XCConfigurationList section */
		274DDCCC2411116600B3304E /* Build configuration list for PBXProject "EmojiImageViewDemo" */ = {
			isa = XCConfigurationList;
			buildConfigurations = (
				274DDCE32411116700B3304E /* Debug */,
				274DDCE42411116700B3304E /* Release */,
			);
			defaultConfigurationIsVisible = 0;
			defaultConfigurationName = Release;
		};
		274DDCE52411116700B3304E /* Build configuration list for PBXNativeTarget "EmojiImageViewDemo" */ = {
			isa = XCConfigurationList;
			buildConfigurations = (
				274DDCE62411116700B3304E /* Debug */,
				274DDCE72411116700B3304E /* Release */,
			);
			defaultConfigurationIsVisible = 0;
			defaultConfigurationName = Release;
		};
/* End XCConfigurationList section */
	};
	rootObject = 274DDCC92411116600B3304E /* Project object */;
}
